
Microsoft Visual Studio Solution File, Format Version 12.00
# Visual Studio Version 17
VisualStudioVersion = 17.1.32414.318
MinimumVisualStudioVersion = 10.0.40219.1
Project("{9A19103F-16F7-4668-BE54-9A1E7A4F7556}") = "BookStore.API", "BookStore.API\BookStore.API.csproj", "{43991454-B0B4-4F72-B36B-9E2A38630924}"
EndProject
Project("{9A19103F-16F7-4668-BE54-9A1E7A4F7556}") = "BookStore.Entities", "BookStore.Entities\BookStore.Entities.csproj", "{B4BB7F01-3DD0-43C9-82D0-2C5E02E1AD67}"
EndProject
Project("{9A19103F-16F7-4668-BE54-9A1E7A4F7556}") = "BookStore.DataAccess", "BookStore.DataAccess\BookStore.DataAccess.csproj", "{45F0913C-9403-4640-A4FE-4D211253F3B8}"
EndProject
Project("{9A19103F-16F7-4668-BE54-9A1E7A4F7556}") = "BookStore.Business", "BookStore.Business\BookStore.Business.csproj", "{64A48CBD-1FF1-481F-9EDE-B37E94512BFD}"
EndProject
Project("{FAE04EC0-301F-11D3-BF4B-00C04F79EFBC}") = "BookStore.DTO", "BookStore.DTO\BookStore.DTO.csproj", "{ABD11F0D-2683-4D0F-98DB-D581B1F9A443}"
EndProject
Global
	GlobalSection(SolutionConfigurationPlatforms) = preSolution
		Debug|Any CPU = Debug|Any CPU
		Release|Any CPU = Release|Any CPU
	EndGlobalSection
	GlobalSection(ProjectConfigurationPlatforms) = postSolution
		{43991454-B0B4-4F72-B36B-9E2A38630924}.Debug|Any CPU.ActiveCfg = Debug|Any CPU
		{43991454-B0B4-4F72-B36B-9E2A38630924}.Debug|Any CPU.Build.0 = Debug|Any CPU
		{43991454-B0B4-4F72-B36B-9E2A38630924}.Release|Any CPU.ActiveCfg = Release|Any CPU
		{43991454-B0B4-4F72-B36B-9E2A38630924}.Release|Any CPU.Build.0 = Release|Any CPU
		{B4BB7F01-3DD0-43C9-82D0-2C5E02E1AD67}.Debug|Any CPU.ActiveCfg = Debug|Any CPU
		{B4BB7F01-3DD0-43C9-82D0-2C5E02E1AD67}.Debug|Any CPU.Build.0 = Debug|Any CPU
		{B4BB7F01-3DD0-43C9-82D0-2C5E02E1AD67}.Release|Any CPU.ActiveCfg = Release|Any CPU
		{B4BB7F01-3DD0-43C9-82D0-2C5E02E1AD67}.Release|Any CPU.Build.0 = Release|Any CPU
		{45F0913C-9403-4640-A4FE-4D211253F3B8}.Debug|Any CPU.ActiveCfg = Debug|Any CPU
		{45F0913C-9403-4640-A4FE-4D211253F3B8}.Debug|Any CPU.Build.0 = Debug|Any CPU
		{45F0913C-9403-4640-A4FE-4D211253F3B8}.Release|Any CPU.ActiveCfg = Release|Any CPU
		{45F0913C-9403-4640-A4FE-4D211253F3B8}.Release|Any CPU.Build.0 = Release|Any CPU
		{64A48CBD-1FF1-481F-9EDE-B37E94512BFD}.Debug|Any CPU.ActiveCfg = Debug|Any CPU
		{64A48CBD-1FF1-481F-9EDE-B37E94512BFD}.Debug|Any CPU.Build.0 = Debug|Any CPU
		{64A48CBD-1FF1-481F-9EDE-B37E94512BFD}.Release|Any CPU.ActiveCfg = Release|Any CPU
		{64A48CBD-1FF1-481F-9EDE-B37E94512BFD}.Release|Any CPU.Build.0 = Release|Any CPU
		{ABD11F0D-2683-4D0F-98DB-D581B1F9A443}.Debug|Any CPU.ActiveCfg = Debug|Any CPU
		{ABD11F0D-2683-4D0F-98DB-D581B1F9A443}.Debug|Any CPU.Build.0 = Debug|Any CPU
		{ABD11F0D-2683-4D0F-98DB-D581B1F9A443}.Release|Any CPU.ActiveCfg = Release|Any CPU
		{ABD11F0D-2683-4D0F-98DB-D581B1F9A443}.Release|Any CPU.Build.0 = Release|Any CPU
	EndGlobalSection
	GlobalSection(SolutionProperties) = preSolution
		HideSolutionNode = FALSE
	EndGlobalSection
	GlobalSection(ExtensibilityGlobals) = postSolution
		SolutionGuid = {4B191A35-A04A-465A-A52E-516CBC173939}
	EndGlobalSection
EndGlobal
